
Microsoft Visual Studio Solution File, Format Version 12.00
# Visual Studio Version 17
VisualStudioVersion = 17.12.35527.113
MinimumVisualStudioVersion = 10.0.40219.1
Project("{FAE04EC0-301F-11D3-BF4B-00C04F79EFBC}") = "FloraAPI", "FloraAPI\FloraAPI.csproj", "{0BC4CF46-D333-45FB-8D8F-2B49B5B89C8D}"
EndProject
Project("{FAE04EC0-301F-11D3-BF4B-00C04F79EFBC}") = "Flora.Services", "Flora.Services\Flora.Services.csproj", "{D5E1F51B-03B9-46A8-A481-6DC2B67FD6A7}"
EndProject
Project("{FAE04EC0-301F-11D3-BF4B-00C04F79EFBC}") = "Flora.Models", "Flora.Models\Flora.Models.csproj", "{A9A8EA06-3F81-49CE-B3D0-61C75A49A335}"
EndProject
Project("{FAE04EC0-301F-11D3-BF4B-00C04F79EFBC}") = "FloraApp.Subscriber", "FloraApp.Subscriber\FloraApp.Subscriber.csproj", "{53C1150A-8DB8-4EC1-8417-D421B59DEDE6}"
EndProject
Global
	GlobalSection(SolutionConfigurationPlatforms) = preSolution
		Debug|Any CPU = Debug|Any CPU
		Release|Any CPU = Release|Any CPU
	EndGlobalSection
	GlobalSection(ProjectConfigurationPlatforms) = postSolution
		{0BC4CF46-D333-45FB-8D8F-2B49B5B89C8D}.Debug|Any CPU.ActiveCfg = Debug|Any CPU
		{0BC4CF46-D333-45FB-8D8F-2B49B5B89C8D}.Debug|Any CPU.Build.0 = Debug|Any CPU
		{0BC4CF46-D333-45FB-8D8F-2B49B5B89C8D}.Release|Any CPU.ActiveCfg = Release|Any CPU
		{0BC4CF46-D333-45FB-8D8F-2B49B5B89C8D}.Release|Any CPU.Build.0 = Release|Any CPU
		{D5E1F51B-03B9-46A8-A481-6DC2B67FD6A7}.Debug|Any CPU.ActiveCfg = Debug|Any CPU
		{D5E1F51B-03B9-46A8-A481-6DC2B67FD6A7}.Debug|Any CPU.Build.0 = Debug|Any CPU
		{D5E1F51B-03B9-46A8-A481-6DC2B67FD6A7}.Release|Any CPU.ActiveCfg = Release|Any CPU
		{D5E1F51B-03B9-46A8-A481-6DC2B67FD6A7}.Release|Any CPU.Build.0 = Release|Any CPU
		{A9A8EA06-3F81-49CE-B3D0-61C75A49A335}.Debug|Any CPU.ActiveCfg = Debug|Any CPU
		{A9A8EA06-3F81-49CE-B3D0-61C75A49A335}.Debug|Any CPU.Build.0 = Debug|Any CPU
		{A9A8EA06-3F81-49CE-B3D0-61C75A49A335}.Release|Any CPU.ActiveCfg = Release|Any CPU
		{A9A8EA06-3F81-49CE-B3D0-61C75A49A335}.Release|Any CPU.Build.0 = Release|Any CPU
		{53C1150A-8DB8-4EC1-8417-D421B59DEDE6}.Debug|Any CPU.ActiveCfg = Debug|Any CPU
		{53C1150A-8DB8-4EC1-8417-D421B59DEDE6}.Debug|Any CPU.Build.0 = Debug|Any CPU
		{53C1150A-8DB8-4EC1-8417-D421B59DEDE6}.Release|Any CPU.ActiveCfg = Release|Any CPU
		{53C1150A-8DB8-4EC1-8417-D421B59DEDE6}.Release|Any CPU.Build.0 = Release|Any CPU
	EndGlobalSection
	GlobalSection(SolutionProperties) = preSolution
		HideSolutionNode = FALSE
	EndGlobalSection
EndGlobal
